
Microsoft Visual Studio Solution File, Format Version 12.00
# Visual Studio Version 17
VisualStudioVersion = 17.4.33213.308
MinimumVisualStudioVersion = 10.0.40219.1
Project("{FAE04EC0-301F-11D3-BF4B-00C04F79EFBC}") = "TagGenerator", "TagGenerator\TagGenerator.csproj", "{5AC39455-2CD9-4581-8CBA-8E4EEB1103E2}"
EndProject
Global
	GlobalSection(SolutionConfigurationPlatforms) = preSolution
		Debug|Any CPU = Debug|Any CPU
		Release|Any CPU = Release|Any CPU
	EndGlobalSection
	GlobalSection(ProjectConfigurationPlatforms) = postSolution
		{5AC39455-2CD9-4581-8CBA-8E4EEB1103E2}.Debug|Any CPU.ActiveCfg = Debug|Any CPU
		{5AC39455-2CD9-4581-8CBA-8E4EEB1103E2}.Debug|Any CPU.Build.0 = Debug|Any CPU
		{5AC39455-2CD9-4581-8CBA-8E4EEB1103E2}.Release|Any CPU.ActiveCfg = Release|Any CPU
		{5AC39455-2CD9-4581-8CBA-8E4EEB1103E2}.Release|Any CPU.Build.0 = Release|Any CPU
	EndGlobalSection
	GlobalSection(SolutionProperties) = preSolution
		HideSolutionNode = FALSE
	EndGlobalSection
	GlobalSection(ExtensibilityGlobals) = postSolution
		SolutionGuid = {AAA6B3DA-4324-4A3B-936B-6CF940E9D4C2}
	EndGlobalSection
EndGlobal
